
Microsoft Visual Studio Solution File, Format Version 12.00
# Visual Studio Version 16
VisualStudioVersion = 16.0.31129.286
MinimumVisualStudioVersion = 10.0.40219.1
Project("{9A19103F-16F7-4668-BE54-9A1E7A4F7556}") = "Tests", "Tests\Tests.csproj", "{EAC0D7A3-F00C-4BD4-A3EA-E724BF615511}"
EndProject
Project("{9A19103F-16F7-4668-BE54-9A1E7A4F7556}") = "Library", "Library\Library.csproj", "{381F9537-6FA6-40C8-8880-9170541E8D51}"
EndProject
Project("{FAE04EC0-301F-11D3-BF4B-00C04F79EFBC}") = "AwaiterDemoAppDotNet452", "ConsoleApps\AwaiterDemoAppDotNet452\AwaiterDemoAppDotNet452.csproj", "{B78372D7-EF98-4A86-9B89-CA692A7A32FE}"
EndProject
Project("{2150E333-8FDC-42A3-9474-1A3956D46DE8}") = "ConsoleApps", "ConsoleApps", "{79E03F7D-84B9-4599-BB4A-273E5B5CE01B}"
EndProject
Project("{9A19103F-16F7-4668-BE54-9A1E7A4F7556}") = "ThreadsDemoApp", "ConsoleApps\ThreadsDemoApp\ThreadsDemoApp.csproj", "{707E72FB-7E1B-4C4D-924F-1BF870541469}"
EndProject
Project("{9A19103F-16F7-4668-BE54-9A1E7A4F7556}") = "ThreadPoolDemoApp", "ConsoleApps\ThreadPoolDemoApp\ThreadPoolDemoApp.csproj", "{A82C9C52-2601-4D96-B357-B50025232EC7}"
EndProject
Project("{9A19103F-16F7-4668-BE54-9A1E7A4F7556}") = "TasksBasicsDemoApp", "ConsoleApps\TasksDemoApp\TasksBasicsDemoApp.csproj", "{66FF7323-4BB5-4572-ABF0-E4C82EA02DCC}"
EndProject
Project("{9A19103F-16F7-4668-BE54-9A1E7A4F7556}") = "TasksNestingDemoApp", "ConsoleApps\TaskNestingDemo\TasksNestingDemoApp.csproj", "{B77E9C0B-10BA-41AC-82B9-6B86D761B217}"
EndProject
Project("{9A19103F-16F7-4668-BE54-9A1E7A4F7556}") = "MutexDemoApp", "ConsoleApps\MutexedAppDemo\MutexDemoApp.csproj", "{0508446C-0776-4399-834C-E5DF89AC701B}"
EndProject
Project("{9A19103F-16F7-4668-BE54-9A1E7A4F7556}") = "SemaphoreDemoApp", "ConsoleApps\SemaphoreDemoApp\SemaphoreDemoApp.csproj", "{7D3AE738-2033-474E-8545-A6B8F07CCDFB}"
EndProject
Project("{9A19103F-16F7-4668-BE54-9A1E7A4F7556}") = "DistributedLockDemoApp", "ConsoleApps\DistributedLockDemoApp\DistributedLockDemoApp.csproj", "{E1E6D7E8-7C44-4BD4-8087-AA674C227866}"
EndProject
Project("{2150E333-8FDC-42A3-9474-1A3956D46DE8}") = "WebApps", "WebApps", "{9A5E3EC3-5765-4C91-81AB-BB876E5A0D88}"
EndProject
Project("{FAE04EC0-301F-11D3-BF4B-00C04F79EFBC}") = "WebAppDotNet48", "WebApps\WebAppDotNet48\WebAppDotNet48.csproj", "{F5B8D820-21A2-4BF7-A02B-6E4ACC055457}"
EndProject
Project("{9A19103F-16F7-4668-BE54-9A1E7A4F7556}") = "WebAppDotNet5", "WebApps\WebAppDotNet5\WebAppDotNet5.csproj", "{1E563CD4-1AD3-4335-B943-B56EE115CB9D}"
EndProject
Project("{9A19103F-16F7-4668-BE54-9A1E7A4F7556}") = "AsyncDebuggingDemoApp", "ConsoleApps\AsyncDebuggingDemoApp\AsyncDebuggingDemoApp.csproj", "{6CF23E70-2182-4D54-8E7B-8DF12D8C5348}"
EndProject
Project("{FAE04EC0-301F-11D3-BF4B-00C04F79EFBC}") = "ValueTaskWithBenchmarkDemoApp", "ConsoleApps\ValueTaskWithBenchmarkDemoApp\ValueTaskWithBenchmarkDemoApp.csproj", "{4FBDC543-AA23-401C-88BE-5719B307F9F5}"
EndProject
Global
	GlobalSection(SolutionConfigurationPlatforms) = preSolution
		Debug|Any CPU = Debug|Any CPU
		Release|Any CPU = Release|Any CPU
	EndGlobalSection
	GlobalSection(ProjectConfigurationPlatforms) = postSolution
		{EAC0D7A3-F00C-4BD4-A3EA-E724BF615511}.Debug|Any CPU.ActiveCfg = Debug|Any CPU
		{EAC0D7A3-F00C-4BD4-A3EA-E724BF615511}.Debug|Any CPU.Build.0 = Debug|Any CPU
		{EAC0D7A3-F00C-4BD4-A3EA-E724BF615511}.Release|Any CPU.ActiveCfg = Release|Any CPU
		{EAC0D7A3-F00C-4BD4-A3EA-E724BF615511}.Release|Any CPU.Build.0 = Release|Any CPU
		{381F9537-6FA6-40C8-8880-9170541E8D51}.Debug|Any CPU.ActiveCfg = Debug|Any CPU
		{381F9537-6FA6-40C8-8880-9170541E8D51}.Debug|Any CPU.Build.0 = Debug|Any CPU
		{381F9537-6FA6-40C8-8880-9170541E8D51}.Release|Any CPU.ActiveCfg = Release|Any CPU
		{381F9537-6FA6-40C8-8880-9170541E8D51}.Release|Any CPU.Build.0 = Release|Any CPU
		{B78372D7-EF98-4A86-9B89-CA692A7A32FE}.Debug|Any CPU.ActiveCfg = Debug|Any CPU
		{B78372D7-EF98-4A86-9B89-CA692A7A32FE}.Debug|Any CPU.Build.0 = Debug|Any CPU
		{B78372D7-EF98-4A86-9B89-CA692A7A32FE}.Release|Any CPU.ActiveCfg = Release|Any CPU
		{B78372D7-EF98-4A86-9B89-CA692A7A32FE}.Release|Any CPU.Build.0 = Release|Any CPU
		{707E72FB-7E1B-4C4D-924F-1BF870541469}.Debug|Any CPU.ActiveCfg = Debug|Any CPU
		{707E72FB-7E1B-4C4D-924F-1BF870541469}.Debug|Any CPU.Build.0 = Debug|Any CPU
		{707E72FB-7E1B-4C4D-924F-1BF870541469}.Release|Any CPU.ActiveCfg = Release|Any CPU
		{707E72FB-7E1B-4C4D-924F-1BF870541469}.Release|Any CPU.Build.0 = Release|Any CPU
		{A82C9C52-2601-4D96-B357-B50025232EC7}.Debug|Any CPU.ActiveCfg = Debug|Any CPU
		{A82C9C52-2601-4D96-B357-B50025232EC7}.Debug|Any CPU.Build.0 = Debug|Any CPU
		{A82C9C52-2601-4D96-B357-B50025232EC7}.Release|Any CPU.ActiveCfg = Release|Any CPU
		{A82C9C52-2601-4D96-B357-B50025232EC7}.Release|Any CPU.Build.0 = Release|Any CPU
		{66FF7323-4BB5-4572-ABF0-E4C82EA02DCC}.Debug|Any CPU.ActiveCfg = Debug|Any CPU
		{66FF7323-4BB5-4572-ABF0-E4C82EA02DCC}.Debug|Any CPU.Build.0 = Debug|Any CPU
		{66FF7323-4BB5-4572-ABF0-E4C82EA02DCC}.Release|Any CPU.ActiveCfg = Release|Any CPU
		{66FF7323-4BB5-4572-ABF0-E4C82EA02DCC}.Release|Any CPU.Build.0 = Release|Any CPU
		{B77E9C0B-10BA-41AC-82B9-6B86D761B217}.Debug|Any CPU.ActiveCfg = Debug|Any CPU
		{B77E9C0B-10BA-41AC-82B9-6B86D761B217}.Debug|Any CPU.Build.0 = Debug|Any CPU
		{B77E9C0B-10BA-41AC-82B9-6B86D761B217}.Release|Any CPU.ActiveCfg = Release|Any CPU
		{B77E9C0B-10BA-41AC-82B9-6B86D761B217}.Release|Any CPU.Build.0 = Release|Any CPU
		{0508446C-0776-4399-834C-E5DF89AC701B}.Debug|Any CPU.ActiveCfg = Debug|Any CPU
		{0508446C-0776-4399-834C-E5DF89AC701B}.Debug|Any CPU.Build.0 = Debug|Any CPU
		{0508446C-0776-4399-834C-E5DF89AC701B}.Release|Any CPU.ActiveCfg = Release|Any CPU
		{0508446C-0776-4399-834C-E5DF89AC701B}.Release|Any CPU.Build.0 = Release|Any CPU
		{7D3AE738-2033-474E-8545-A6B8F07CCDFB}.Debug|Any CPU.ActiveCfg = Debug|Any CPU
		{7D3AE738-2033-474E-8545-A6B8F07CCDFB}.Debug|Any CPU.Build.0 = Debug|Any CPU
		{7D3AE738-2033-474E-8545-A6B8F07CCDFB}.Release|Any CPU.ActiveCfg = Release|Any CPU
		{7D3AE738-2033-474E-8545-A6B8F07CCDFB}.Release|Any CPU.Build.0 = Release|Any CPU
		{E1E6D7E8-7C44-4BD4-8087-AA674C227866}.Debug|Any CPU.ActiveCfg = Debug|Any CPU
		{E1E6D7E8-7C44-4BD4-8087-AA674C227866}.Debug|Any CPU.Build.0 = Debug|Any CPU
		{E1E6D7E8-7C44-4BD4-8087-AA674C227866}.Release|Any CPU.ActiveCfg = Release|Any CPU
		{E1E6D7E8-7C44-4BD4-8087-AA674C227866}.Release|Any CPU.Build.0 = Release|Any CPU
		{F5B8D820-21A2-4BF7-A02B-6E4ACC055457}.Debug|Any CPU.ActiveCfg = Debug|Any CPU
		{F5B8D820-21A2-4BF7-A02B-6E4ACC055457}.Debug|Any CPU.Build.0 = Debug|Any CPU
		{F5B8D820-21A2-4BF7-A02B-6E4ACC055457}.Release|Any CPU.ActiveCfg = Release|Any CPU
		{F5B8D820-21A2-4BF7-A02B-6E4ACC055457}.Release|Any CPU.Build.0 = Release|Any CPU
		{1E563CD4-1AD3-4335-B943-B56EE115CB9D}.Debug|Any CPU.ActiveCfg = Debug|Any CPU
		{1E563CD4-1AD3-4335-B943-B56EE115CB9D}.Debug|Any CPU.Build.0 = Debug|Any CPU
		{1E563CD4-1AD3-4335-B943-B56EE115CB9D}.Release|Any CPU.ActiveCfg = Release|Any CPU
		{1E563CD4-1AD3-4335-B943-B56EE115CB9D}.Release|Any CPU.Build.0 = Release|Any CPU
		{6CF23E70-2182-4D54-8E7B-8DF12D8C5348}.Debug|Any CPU.ActiveCfg = Debug|Any CPU
		{6CF23E70-2182-4D54-8E7B-8DF12D8C5348}.Debug|Any CPU.Build.0 = Debug|Any CPU
		{6CF23E70-2182-4D54-8E7B-8DF12D8C5348}.Release|Any CPU.ActiveCfg = Release|Any CPU
		{6CF23E70-2182-4D54-8E7B-8DF12D8C5348}.Release|Any CPU.Build.0 = Release|Any CPU
		{4FBDC543-AA23-401C-88BE-5719B307F9F5}.Debug|Any CPU.ActiveCfg = Debug|Any CPU
		{4FBDC543-AA23-401C-88BE-5719B307F9F5}.Debug|Any CPU.Build.0 = Debug|Any CPU
		{4FBDC543-AA23-401C-88BE-5719B307F9F5}.Release|Any CPU.ActiveCfg = Release|Any CPU
		{4FBDC543-AA23-401C-88BE-5719B307F9F5}.Release|Any CPU.Build.0 = Release|Any CPU
	EndGlobalSection
	GlobalSection(SolutionProperties) = preSolution
		HideSolutionNode = FALSE
	EndGlobalSection
	GlobalSection(NestedProjects) = preSolution
		{B78372D7-EF98-4A86-9B89-CA692A7A32FE} = {79E03F7D-84B9-4599-BB4A-273E5B5CE01B}
		{707E72FB-7E1B-4C4D-924F-1BF870541469} = {79E03F7D-84B9-4599-BB4A-273E5B5CE01B}
		{A82C9C52-2601-4D96-B357-B50025232EC7} = {79E03F7D-84B9-4599-BB4A-273E5B5CE01B}
		{66FF7323-4BB5-4572-ABF0-E4C82EA02DCC} = {79E03F7D-84B9-4599-BB4A-273E5B5CE01B}
		{B77E9C0B-10BA-41AC-82B9-6B86D761B217} = {79E03F7D-84B9-4599-BB4A-273E5B5CE01B}
		{0508446C-0776-4399-834C-E5DF89AC701B} = {79E03F7D-84B9-4599-BB4A-273E5B5CE01B}
		{7D3AE738-2033-474E-8545-A6B8F07CCDFB} = {79E03F7D-84B9-4599-BB4A-273E5B5CE01B}
		{E1E6D7E8-7C44-4BD4-8087-AA674C227866} = {79E03F7D-84B9-4599-BB4A-273E5B5CE01B}
		{F5B8D820-21A2-4BF7-A02B-6E4ACC055457} = {9A5E3EC3-5765-4C91-81AB-BB876E5A0D88}
		{1E563CD4-1AD3-4335-B943-B56EE115CB9D} = {9A5E3EC3-5765-4C91-81AB-BB876E5A0D88}
		{6CF23E70-2182-4D54-8E7B-8DF12D8C5348} = {79E03F7D-84B9-4599-BB4A-273E5B5CE01B}
		{4FBDC543-AA23-401C-88BE-5719B307F9F5} = {79E03F7D-84B9-4599-BB4A-273E5B5CE01B}
	EndGlobalSection
	GlobalSection(ExtensibilityGlobals) = postSolution
		SolutionGuid = {98CF656C-5707-4478-AD5F-D3EADDE7D7B5}
	EndGlobalSection
EndGlobal
